// !$*UTF8*$!
{
	archiveVersion = 1;
	classes = {
	};
	objectVersion = 46;
	objects = {

/* Begin PBXBuildFile section */
		D6B774901C5828B400EC8CDF /* AppDelegate.swift in Sources */ = {isa = PBXBuildFile; fileRef = D6B7748F1C5828B400EC8CDF /* AppDelegate.swift */; };
		D6B774921C5828B400EC8CDF /* ViewController.swift in Sources */ = {isa = PBXBuildFile; fileRef = D6B774911C5828B400EC8CDF /* ViewController.swift */; };
		D6B774951C5828B400EC8CDF /* Main.storyboard in Resources */ = {isa = PBXBuildFile; fileRef = D6B774931C5828B400EC8CDF /* Main.storyboard */; };
		D6B774971C5828B400EC8CDF /* Assets.xcassets in Resources */ = {isa = PBXBuildFile; fileRef = D6B774961C5828B400EC8CDF /* Assets.xcassets */; };
		D6B7749A1C5828B400EC8CDF /* LaunchScreen.storyboard in Resources */ = {isa = PBXBuildFile; fileRef = D6B774981C5828B400EC8CDF /* LaunchScreen.storyboard */; };
		D6B774A21C5834E100EC8CDF /* DragImg.swift in Sources */ = {isa = PBXBuildFile; fileRef = D6B774A11C5834E100EC8CDF /* DragImg.swift */; };
		D6B774A41C5838E700EC8CDF /* MonsterImg.swift in Sources */ = {isa = PBXBuildFile; fileRef = D6B774A31C5838E700EC8CDF /* MonsterImg.swift */; };
		D6B774AA1C584C3000EC8CDF /* bite.wav in Resources */ = {isa = PBXBuildFile; fileRef = D6B774A51C584C3000EC8CDF /* bite.wav */; };
		D6B774AB1C584C3000EC8CDF /* cave-music.mp3 in Resources */ = {isa = PBXBuildFile; fileRef = D6B774A61C584C3000EC8CDF /* cave-music.mp3 */; };
		D6B774AC1C584C3000EC8CDF /* death.wav in Resources */ = {isa = PBXBuildFile; fileRef = D6B774A71C584C3000EC8CDF /* death.wav */; };
		D6B774AD1C584C3000EC8CDF /* heart.wav in Resources */ = {isa = PBXBuildFile; fileRef = D6B774A81C584C3000EC8CDF /* heart.wav */; };
		D6B774AE1C584C3000EC8CDF /* skull.wav in Resources */ = {isa = PBXBuildFile; fileRef = D6B774A91C584C3000EC8CDF /* skull.wav */; };
		D6B774B01C585B7400EC8CDF /* Minecraft.ttf in Resources */ = {isa = PBXBuildFile; fileRef = D6B774AF1C585B7400EC8CDF /* Minecraft.ttf */; };
		D6B774B21C58710700EC8CDF /* DiggerImg.swift in Sources */ = {isa = PBXBuildFile; fileRef = D6B774B11C58710700EC8CDF /* DiggerImg.swift */; };
/* End PBXBuildFile section */

/* Begin PBXFileReference section */
		D6B7748C1C5828B400EC8CDF /* MyLittelMonster.app */ = {isa = PBXFileReference; explicitFileType = wrapper.application; includeInIndex = 0; path = MyLittelMonster.app; sourceTree = BUILT_PRODUCTS_DIR; };
		D6B7748F1C5828B400EC8CDF /* AppDelegate.swift */ = {isa = PBXFileReference; lastKnownFileType = sourcecode.swift; path = AppDelegate.swift; sourceTree = "<group>"; };
		D6B774911C5828B400EC8CDF /* ViewController.swift */ = {isa = PBXFileReference; lastKnownFileType = sourcecode.swift; path = ViewController.swift; sourceTree = "<group>"; };
		D6B774941C5828B400EC8CDF /* Base */ = {isa = PBXFileReference; lastKnownFileType = file.storyboard; name = Base; path = Base.lproj/Main.storyboard; sourceTree = "<group>"; };
		D6B774961C5828B400EC8CDF /* Assets.xcassets */ = {isa = PBXFileReference; lastKnownFileType = folder.assetcatalog; path = Assets.xcassets; sourceTree = "<group>"; };
		D6B774991C5828B400EC8CDF /* Base */ = {isa = PBXFileReference; lastKnownFileType = file.storyboard; name = Base; path = Base.lproj/LaunchScreen.storyboard; sourceTree = "<group>"; };
		D6B7749B1C5828B400EC8CDF /* Info.plist */ = {isa = PBXFileReference; lastKnownFileType = text.plist.xml; path = Info.plist; sourceTree = "<group>"; };
		D6B774A11C5834E100EC8CDF /* DragImg.swift */ = {isa = PBXFileReference; fileEncoding = 4; lastKnownFileType = sourcecode.swift; path = DragImg.swift; sourceTree = "<group>"; };
		D6B774A31C5838E700EC8CDF /* MonsterImg.swift */ = {isa = PBXFileReference; fileEncoding = 4; lastKnownFileType = sourcecode.swift; path = MonsterImg.swift; sourceTree = "<group>"; };
		D6B774A51C584C3000EC8CDF /* bite.wav */ = {isa = PBXFileReference; lastKnownFileType = audio.wav; path = bite.wav; sourceTree = "<group>"; };
		D6B774A61C584C3000EC8CDF /* cave-music.mp3 */ = {isa = PBXFileReference; lastKnownFileType = audio.mp3; path = "cave-music.mp3"; sourceTree = "<group>"; };
		D6B774A71C584C3000EC8CDF /* death.wav */ = {isa = PBXFileReference; lastKnownFileType = audio.wav; path = death.wav; sourceTree = "<group>"; };
		D6B774A81C584C3000EC8CDF /* heart.wav */ = {isa = PBXFileReference; lastKnownFileType = audio.wav; path = heart.wav; sourceTree = "<group>"; };
		D6B774A91C584C3000EC8CDF /* skull.wav */ = {isa = PBXFileReference; lastKnownFileType = audio.wav; path = skull.wav; sourceTree = "<group>"; };
		D6B774AF1C585B7400EC8CDF /* Minecraft.ttf */ = {isa = PBXFileReference; lastKnownFileType = file; path = Minecraft.ttf; sourceTree = "<group>"; };
		D6B774B11C58710700EC8CDF /* DiggerImg.swift */ = {isa = PBXFileReference; fileEncoding = 4; lastKnownFileType = sourcecode.swift; path = DiggerImg.swift; sourceTree = "<group>"; };
/* End PBXFileReference section */

/* Begin PBXFrameworksBuildPhase section */
		D6B774891C5828B400EC8CDF /* Frameworks */ = {
			isa = PBXFrameworksBuildPhase;
			buildActionMask = 2147483647;
			files = (
			);
			runOnlyForDeploymentPostprocessing = 0;
		};
/* End PBXFrameworksBuildPhase section */

/* Begin PBXGroup section */
		D6B774831C5828B400EC8CDF = {
			isa = PBXGroup;
			children = (
				D6B7748E1C5828B400EC8CDF /* MyLittelMonster */,
				D6B7748D1C5828B400EC8CDF /* Products */,
			);
			sourceTree = "<group>";
		};
		D6B7748D1C5828B400EC8CDF /* Products */ = {
			isa = PBXGroup;
			children = (
				D6B7748C1C5828B400EC8CDF /* MyLittelMonster.app */,
			);
			name = Products;
			sourceTree = "<group>";
		};
		D6B7748E1C5828B400EC8CDF /* MyLittelMonster */ = {
			isa = PBXGroup;
			children = (
				D6B774AF1C585B7400EC8CDF /* Minecraft.ttf */,
				D6B774A51C584C3000EC8CDF /* bite.wav */,
				D6B774A61C584C3000EC8CDF /* cave-music.mp3 */,
				D6B774A71C584C3000EC8CDF /* death.wav */,
				D6B774A81C584C3000EC8CDF /* heart.wav */,
				D6B774A91C584C3000EC8CDF /* skull.wav */,
				D6B7748F1C5828B400EC8CDF /* AppDelegate.swift */,
				D6B774911C5828B400EC8CDF /* ViewController.swift */,
				D6B774A11C5834E100EC8CDF /* DragImg.swift */,
				D6B774A31C5838E700EC8CDF /* MonsterImg.swift */,
				D6B774B11C58710700EC8CDF /* DiggerImg.swift */,
				D6B774931C5828B400EC8CDF /* Main.storyboard */,
				D6B774961C5828B400EC8CDF /* Assets.xcassets */,
				D6B774981C5828B400EC8CDF /* LaunchScreen.storyboard */,
				D6B7749B1C5828B400EC8CDF /* Info.plist */,
			);
			path = MyLittelMonster;
			sourceTree = "<group>";
		};
/* End PBXGroup section */

/* Begin PBXNativeTarget section */
		D6B7748B1C5828B400EC8CDF /* MyLittelMonster */ = {
			isa = PBXNativeTarget;
			buildConfigurationList = D6B7749E1C5828B400EC8CDF /* Build configuration list for PBXNativeTarget "MyLittelMonster" */;
			buildPhases = (
				D6B774881C5828B400EC8CDF /* Sources */,
				D6B774891C5828B400EC8CDF /* Frameworks */,
				D6B7748A1C5828B400EC8CDF /* Resources */,
			);
			buildRules = (
			);
			dependencies = (
			);
			name = MyLittelMonster;
			productName = MyLittelMonster;
			productReference = D6B7748C1C5828B400EC8CDF /* MyLittelMonster.app */;
			productType = "com.apple.product-type.application";
		};
/* End PBXNativeTarget section */

/* Begin PBXProject section */
		D6B774841C5828B400EC8CDF /* Project object */ = {
			isa = PBXProject;
			attributes = {
				LastSwiftUpdateCheck = 0720;
				LastUpgradeCheck = 0720;
				ORGANIZATIONNAME = "Amr Sami";
				TargetAttributes = {
					D6B7748B1C5828B400EC8CDF = {
						CreatedOnToolsVersion = 7.2;
					};
				};
			};
			buildConfigurationList = D6B774871C5828B400EC8CDF /* Build configuration list for PBXProject "MyLittelMonster" */;
			compatibilityVersion = "Xcode 3.2";
			developmentRegion = English;
			hasScannedForEncodings = 0;
			knownRegions = (
				en,
				Base,
			);
			mainGroup = D6B774831C5828B400EC8CDF;
			productRefGroup = D6B7748D1C5828B400EC8CDF /* Products */;
			projectDirPath = "";
			projectRoot = "";
			targets = (
				D6B7748B1C5828B400EC8CDF /* MyLittelMonster */,
			);
		};
/* End PBXProject section */

/* Begin PBXResourcesBuildPhase section */
		D6B7748A1C5828B400EC8CDF /* Resources */ = {
			isa = PBXResourcesBuildPhase;
			buildActionMask = 2147483647;
			files = (
				D6B774AE1C584C3000EC8CDF /* skull.wav in Resources */,
				D6B774AA1C584C3000EC8CDF /* bite.wav in Resources */,
				D6B774AC1C584C3000EC8CDF /* death.wav in Resources */,
				D6B774B01C585B7400EC8CDF /* Minecraft.ttf in Resources */,
				D6B774AD1C584C3000EC8CDF /* heart.wav in Resources */,
				D6B774AB1C584C3000EC8CDF /* cave-music.mp3 in Resources */,
				D6B7749A1C5828B400EC8CDF /* LaunchScreen.storyboard in Resources */,
				D6B774971C5828B400EC8CDF /* Assets.xcassets in Resources */,
				D6B774951C5828B400EC8CDF /* Main.storyboard in Resources */,
			);
			runOnlyForDeploymentPostprocessing = 0;
		};
/* End PBXResourcesBuildPhase section */

/* Begin PBXSourcesBuildPhase section */
		D6B774881C5828B400EC8CDF /* Sources */ = {
			isa = PBXSourcesBuildPhase;
			buildActionMask = 2147483647;
			files = (
				D6B774A41C5838E700EC8CDF /* MonsterImg.swift in Sources */,
				D6B774A21C5834E100EC8CDF /* DragImg.swift in Sources */,
				D6B774921C5828B400EC8CDF /* ViewController.swift in Sources */,
				D6B774901C5828B400EC8CDF /* AppDelegate.swift in Sources */,
				D6B774B21C58710700EC8CDF /* DiggerImg.swift in Sources */,
			);
			runOnlyForDeploymentPostprocessing = 0;
		};
/* End PBXSourcesBuildPhase section */

/* Begin PBXVariantGroup section */
		D6B774931C5828B400EC8CDF /* Main.storyboard */ = {
			isa = PBXVariantGroup;
			children = (
				D6B774941C5828B400EC8CDF /* Base */,
			);
			name = Main.storyboard;
			sourceTree = "<group>";
		};
		D6B774981C5828B400EC8CDF /* LaunchScreen.storyboard */ = {
			isa = PBXVariantGroup;
			children = (
				D6B774991C5828B400EC8CDF /* Base */,
			);
			name = LaunchScreen.storyboard;
			sourceTree = "<group>";
		};
/* End PBXVariantGroup section */

/* Begin XCBuildConfiguration section */
		D6B7749C1C5828B400EC8CDF /* Debug */ = {
			isa = XCBuildConfiguration;
			buildSettings = {
				ALWAYS_SEARCH_USER_PATHS = NO;
				CLANG_CXX_LANGUAGE_STANDARD = "gnu++0x";
				CLANG_CXX_LIBRARY = "libc++";
				CLANG_ENABLE_MODULES = YES;
				CLANG_ENABLE_OBJC_ARC = YES;
				CLANG_WARN_BOOL_CONVERSION = YES;
				CLANG_WARN_CONSTANT_CONVERSION = YES;
				CLANG_WARN_DIRECT_OBJC_ISA_USAGE = YES_ERROR;
				CLANG_WARN_EMPTY_BODY = YES;
				CLANG_WARN_ENUM_CONVERSION = YES;
				CLANG_WARN_INT_CONVERSION = YES;
				CLANG_WARN_OBJC_ROOT_CLASS = YES_ERROR;
				CLANG_WARN_UNREACHABLE_CODE = YES;
				CLANG_WARN__DUPLICATE_METHOD_MATCH = YES;
				"CODE_SIGN_IDENTITY[sdk=iphoneos*]" = "iPhone Developer";
				COPY_PHASE_STRIP = NO;
				DEBUG_INFORMATION_FORMAT = dwarf;
				ENABLE_STRICT_OBJC_MSGSEND = YES;
				ENABLE_TESTABILITY = YES;
				GCC_C_LANGUAGE_STANDARD = gnu99;
				GCC_DYNAMIC_NO_PIC = NO;
				GCC_NO_COMMON_BLOCKS = YES;
				GCC_OPTIMIZATION_LEVEL = 0;
				GCC_PREPROCESSOR_DEFINITIONS = (
					"DEBUG=1",
					"$(inherited)",
				);
				GCC_WARN_64_TO_32_BIT_CONVERSION = YES;
				GCC_WARN_ABOUT_RETURN_TYPE = YES_ERROR;
				GCC_WARN_UNDECLARED_SELECTOR = YES;
				GCC_WARN_UNINITIALIZED_AUTOS = YES_AGGRESSIVE;
				GCC_WARN_UNUSED_FUNCTION = YES;
				GCC_WARN_UNUSED_VARIABLE = YES;
				IPHONEOS_DEPLOYMENT_TARGET = 9.2;
				MTL_ENABLE_DEBUG_INFO = YES;
				ONLY_ACTIVE_ARCH = YES;
				SDKROOT = iphoneos;
				SWIFT_OPTIMIZATION_LEVEL = "-Onone";
				TARGETED_DEVICE_FAMILY = "1,2";
			};
			name = Debug;
		};
		D6B7749D1C5828B400EC8CDF /* Release */ = {
			isa = XCBuildConfiguration;
			buildSettings = {
				ALWAYS_SEARCH_USER_PATHS = NO;
				CLANG_CXX_LANGUAGE_STANDARD = "gnu++0x";
				CLANG_CXX_LIBRARY = "libc++";
				CLANG_ENABLE_MODULES = YES;
				CLANG_ENABLE_OBJC_ARC = YES;
				CLANG_WARN_BOOL_CONVERSION = YES;
				CLANG_WARN_CONSTANT_CONVERSION = YES;
				CLANG_WARN_DIRECT_OBJC_ISA_USAGE = YES_ERROR;
				CLANG_WARN_EMPTY_BODY = YES;
				CLANG_WARN_ENUM_CONVERSION = YES;
				CLANG_WARN_INT_CONVERSION = YES;
				CLANG_WARN_OBJC_ROOT_CLASS = YES_ERROR;
				CLANG_WARN_UNREACHABLE_CODE = YES;
				CLANG_WARN__DUPLICATE_METHOD_MATCH = YES;
				"CODE_SIGN_IDENTITY[sdk=iphoneos*]" = "iPhone Developer";
				COPY_PHASE_STRIP = NO;
				DEBUG_INFORMATION_FORMAT = "dwarf-with-dsym";
				ENABLE_NS_ASSERTIONS = NO;
				ENABLE_STRICT_OBJC_MSGSEND = YES;
				GCC_C_LANGUAGE_STANDARD = gnu99;
				GCC_NO_COMMON_BLOCKS = YES;
				GCC_WARN_64_TO_32_BIT_CONVERSION = YES;
				GCC_WARN_ABOUT_RETURN_TYPE = YES_ERROR;
				GCC_WARN_UNDECLARED_SELECTOR = YES;
				GCC_WARN_UNINITIALIZED_AUTOS = YES_AGGRESSIVE;
				GCC_WARN_UNUSED_FUNCTION = YES;
				GCC_WARN_UNUSED_VARIABLE = YES;
				IPHONEOS_DEPLOYMENT_TARGET = 9.2;
				MTL_ENABLE_DEBUG_INFO = NO;
				SDKROOT = iphoneos;
				TARGETED_DEVICE_FAMILY = "1,2";
				VALIDATE_PRODUCT = YES;
			};
			name = Release;
		};
		D6B7749F1C5828B400EC8CDF /* Debug */ = {
			isa = XCBuildConfiguration;
			buildSettings = {
				ASSETCATALOG_COMPILER_APPICON_NAME = AppIcon;
				INFOPLIST_FILE = MyLittelMonster/Info.plist;
				LD_RUNPATH_SEARCH_PATHS = "$(inherited) @executable_path/Frameworks";
				PRODUCT_BUNDLE_IDENTIFIER = com.amrsami.MyLittelMonster;
				PRODUCT_NAME = "$(TARGET_NAME)";
			};
			name = Debug;
		};
		D6B774A01C5828B400EC8CDF /* Release */ = {
			isa = XCBuildConfiguration;
			buildSettings = {
				ASSETCATALOG_COMPILER_APPICON_NAME = AppIcon;
				INFOPLIST_FILE = MyLittelMonster/Info.plist;
				LD_RUNPATH_SEARCH_PATHS = "$(inherited) @executable_path/Frameworks";
				PRODUCT_BUNDLE_IDENTIFIER = com.amrsami.MyLittelMonster;
				PRODUCT_NAME = "$(TARGET_NAME)";
			};
			name = Release;
		};
/* End XCBuildConfiguration section */

/* Begin XCConfigurationList section */
		D6B774871C5828B400EC8CDF /* Build configuration list for PBXProject "MyLittelMonster" */ = {
			isa = XCConfigurationList;
			buildConfigurations = (
				D6B7749C1C5828B400EC8CDF /* Debug */,
				D6B7749D1C5828B400EC8CDF /* Release */,
			);
			defaultConfigurationIsVisible = 0;
			defaultConfigurationName = Release;
		};
		D6B7749E1C5828B400EC8CDF /* Build configuration list for PBXNativeTarget "MyLittelMonster" */ = {
			isa = XCConfigurationList;
			buildConfigurations = (
				D6B7749F1C5828B400EC8CDF /* Debug */,
				D6B774A01C5828B400EC8CDF /* Release */,
			);
			defaultConfigurationIsVisible = 0;
		};
/* End XCConfigurationList section */
	};
	rootObject = D6B774841C5828B400EC8CDF /* Project object */;
}
